{
  "name": "TrafficExaminationManagement",
  "lockfileVersion": 2,
  "requires": true,
  "packages": {
    "": {
      "dependencies": {
        "ngx-webcam": "^0.4.1"
      }
    },
    "node_modules/ngx-webcam": {
      "version": "0.4.1",
      "resolved": "https://registry.npmjs.org/ngx-webcam/-/ngx-webcam-0.4.1.tgz",
      "integrity": "sha512-8WoC8GWHaN5tH+4zO0/gfUigVKg/jX7JShAewpumJIgJXFmlKhSPnPjewNNxv7OTQiOOb+5Mh6lhTo52VLlY9A==",
      "dependencies": {
        "tslib": "^2.3.0"
      }
    },
    "node_modules/tslib": {
      "version": "2.4.0",
      "resolved": "https://registry.npmjs.org/tslib/-/tslib-2.4.0.tgz",
      "integrity": "sha512-d6xOpEDfsi2CZVlPQzGeux8XMwLT9hssAsaPYExaQMuYskwb+x1x7J371tWlbBdWHroy99KnVB6qIkUbs5X3UQ=="
    }
  },
  "dependencies": {
    "ngx-webcam": {
      "version": "0.4.1",
      "resolved": "https://registry.npmjs.org/ngx-webcam/-/ngx-webcam-0.4.1.tgz",
      "integrity": "sha512-8WoC8GWHaN5tH+4zO0/gfUigVKg/jX7JShAewpumJIgJXFmlKhSPnPjewNNxv7OTQiOOb+5Mh6lhTo52VLlY9A==",
      "requires": {
        "tslib": "^2.3.0"
      }
    },
    "tslib": {
      "version": "2.4.0",
      "resolved": "https://registry.npmjs.org/tslib/-/tslib-2.4.0.tgz",
      "integrity": "sha512-d6xOpEDfsi2CZVlPQzGeux8XMwLT9hssAsaPYExaQMuYskwb+x1x7J371tWlbBdWHroy99KnVB6qIkUbs5X3UQ=="
    }
  }
}
